
Microsoft Visual Studio Solution File, Format Version 12.00
# Visual Studio Version 17
VisualStudioVersion = 17.13.35931.197 d17.13
MinimumVisualStudioVersion = 10.0.40219.1
Project("{FAE04EC0-301F-11D3-BF4B-00C04F79EFBC}") = "FeedbackForm", "FeedbackForm\FeedbackForm.csproj", "{D2CECDDB-7BA6-4BB3-B375-DFF39388CC2A}"
EndProject
Global
	GlobalSection(SolutionConfigurationPlatforms) = preSolution
		Debug|Any CPU = Debug|Any CPU
		Release|Any CPU = Release|Any CPU
	EndGlobalSection
	GlobalSection(ProjectConfigurationPlatforms) = postSolution
		{D2CECDDB-7BA6-4BB3-B375-DFF39388CC2A}.Debug|Any CPU.ActiveCfg = Debug|Any CPU
		{D2CECDDB-7BA6-4BB3-B375-DFF39388CC2A}.Debug|Any CPU.Build.0 = Debug|Any CPU
		{D2CECDDB-7BA6-4BB3-B375-DFF39388CC2A}.Release|Any CPU.ActiveCfg = Release|Any CPU
		{D2CECDDB-7BA6-4BB3-B375-DFF39388CC2A}.Release|Any CPU.Build.0 = Release|Any CPU
	EndGlobalSection
	GlobalSection(SolutionProperties) = preSolution
		HideSolutionNode = FALSE
	EndGlobalSection
	GlobalSection(ExtensibilityGlobals) = postSolution
		SolutionGuid = {4D5316DF-F17C-4C48-9F80-5A184B20D4F8}
	EndGlobalSection
EndGlobal
